// !$*UTF8*$!
{
	archiveVersion = 1;
	classes = {
	};
	objectVersion = 56;
	objects = {

/* Begin PBXBuildFile section */
		91752EACB0D86DE2E319F9EF /* Pods_DeadLiner.framework in Frameworks */ = {isa = PBXBuildFile; fileRef = 9434BE31FE00B4A01F4C63ED /* Pods_DeadLiner.framework */; };
		DA4F1B8E2A012C4900A0AF20 /* TastManagerService.swift in Sources */ = {isa = PBXBuildFile; fileRef = DA4F1B8D2A012C4900A0AF20 /* TastManagerService.swift */; };
		DA88E9E62A014D6C00DB773F /* DatePickerView.swift in Sources */ = {isa = PBXBuildFile; fileRef = DA88E9E52A014D6C00DB773F /* DatePickerView.swift */; };
		DA88E9E82A01533600DB773F /* ListCellViewModel.swift in Sources */ = {isa = PBXBuildFile; fileRef = DA88E9E72A01533600DB773F /* ListCellViewModel.swift */; };
		DA8AFF632A006AB500C1F8B4 /* DeadLinerApp.swift in Sources */ = {isa = PBXBuildFile; fileRef = DA8AFF622A006AB500C1F8B4 /* DeadLinerApp.swift */; };
		DA8AFF652A006AB500C1F8B4 /* ContentView.swift in Sources */ = {isa = PBXBuildFile; fileRef = DA8AFF642A006AB500C1F8B4 /* ContentView.swift */; };
		DA8AFF672A006AB600C1F8B4 /* Assets.xcassets in Resources */ = {isa = PBXBuildFile; fileRef = DA8AFF662A006AB600C1F8B4 /* Assets.xcassets */; };
		DA8AFF6A2A006AB600C1F8B4 /* Preview Assets.xcassets in Resources */ = {isa = PBXBuildFile; fileRef = DA8AFF692A006AB600C1F8B4 /* Preview Assets.xcassets */; };
		DA8AFF752A006C3700C1F8B4 /* ListView.swift in Sources */ = {isa = PBXBuildFile; fileRef = DA8AFF742A006C3700C1F8B4 /* ListView.swift */; };
		DA8AFF772A006DD500C1F8B4 /* ListCellView.swift in Sources */ = {isa = PBXBuildFile; fileRef = DA8AFF762A006DD500C1F8B4 /* ListCellView.swift */; };
		DA8AFF792A00750000C1F8B4 /* MainTitleView.swift in Sources */ = {isa = PBXBuildFile; fileRef = DA8AFF782A00750000C1F8B4 /* MainTitleView.swift */; };
		DAA858A72A012F1000FE9034 /* Task.swift in Sources */ = {isa = PBXBuildFile; fileRef = DAA858A62A012F1000FE9034 /* Task.swift */; };
/* End PBXBuildFile section */

/* Begin PBXFileReference section */
		2351D92D4391ABCDF99609E3 /* Pods-DeadLiner.debug.xcconfig */ = {isa = PBXFileReference; includeInIndex = 1; lastKnownFileType = text.xcconfig; name = "Pods-DeadLiner.debug.xcconfig"; path = "Target Support Files/Pods-DeadLiner/Pods-DeadLiner.debug.xcconfig"; sourceTree = "<group>"; };
		403BC0AE5E4875C00FAA81FF /* Pods-DeadLiner.release.xcconfig */ = {isa = PBXFileReference; includeInIndex = 1; lastKnownFileType = text.xcconfig; name = "Pods-DeadLiner.release.xcconfig"; path = "Target Support Files/Pods-DeadLiner/Pods-DeadLiner.release.xcconfig"; sourceTree = "<group>"; };
		9434BE31FE00B4A01F4C63ED /* Pods_DeadLiner.framework */ = {isa = PBXFileReference; explicitFileType = wrapper.framework; includeInIndex = 0; path = Pods_DeadLiner.framework; sourceTree = BUILT_PRODUCTS_DIR; };
		DA4F1B8D2A012C4900A0AF20 /* TastManagerService.swift */ = {isa = PBXFileReference; lastKnownFileType = sourcecode.swift; path = TastManagerService.swift; sourceTree = "<group>"; };
		DA88E9E52A014D6C00DB773F /* DatePickerView.swift */ = {isa = PBXFileReference; lastKnownFileType = sourcecode.swift; path = DatePickerView.swift; sourceTree = "<group>"; };
		DA88E9E72A01533600DB773F /* ListCellViewModel.swift */ = {isa = PBXFileReference; lastKnownFileType = sourcecode.swift; path = ListCellViewModel.swift; sourceTree = "<group>"; };
		DA8AFF5F2A006AB500C1F8B4 /* DeadLiner.app */ = {isa = PBXFileReference; explicitFileType = wrapper.application; includeInIndex = 0; path = DeadLiner.app; sourceTree = BUILT_PRODUCTS_DIR; };
		DA8AFF622A006AB500C1F8B4 /* DeadLinerApp.swift */ = {isa = PBXFileReference; lastKnownFileType = sourcecode.swift; path = DeadLinerApp.swift; sourceTree = "<group>"; };
		DA8AFF642A006AB500C1F8B4 /* ContentView.swift */ = {isa = PBXFileReference; lastKnownFileType = sourcecode.swift; path = ContentView.swift; sourceTree = "<group>"; };
		DA8AFF662A006AB600C1F8B4 /* Assets.xcassets */ = {isa = PBXFileReference; lastKnownFileType = folder.assetcatalog; path = Assets.xcassets; sourceTree = "<group>"; };
		DA8AFF692A006AB600C1F8B4 /* Preview Assets.xcassets */ = {isa = PBXFileReference; lastKnownFileType = folder.assetcatalog; path = "Preview Assets.xcassets"; sourceTree = "<group>"; };
		DA8AFF742A006C3700C1F8B4 /* ListView.swift */ = {isa = PBXFileReference; lastKnownFileType = sourcecode.swift; path = ListView.swift; sourceTree = "<group>"; };
		DA8AFF762A006DD500C1F8B4 /* ListCellView.swift */ = {isa = PBXFileReference; lastKnownFileType = sourcecode.swift; path = ListCellView.swift; sourceTree = "<group>"; };
		DA8AFF782A00750000C1F8B4 /* MainTitleView.swift */ = {isa = PBXFileReference; lastKnownFileType = sourcecode.swift; path = MainTitleView.swift; sourceTree = "<group>"; };
		DAA858A62A012F1000FE9034 /* Task.swift */ = {isa = PBXFileReference; lastKnownFileType = sourcecode.swift; path = Task.swift; sourceTree = "<group>"; };
/* End PBXFileReference section */

/* Begin PBXFrameworksBuildPhase section */
		DA8AFF5C2A006AB500C1F8B4 /* Frameworks */ = {
			isa = PBXFrameworksBuildPhase;
			buildActionMask = 2147483647;
			files = (
				91752EACB0D86DE2E319F9EF /* Pods_DeadLiner.framework in Frameworks */,
			);
			runOnlyForDeploymentPostprocessing = 0;
		};
/* End PBXFrameworksBuildPhase section */

/* Begin PBXGroup section */
		9ADC5DF92162BADF10901445 /* Pods */ = {
			isa = PBXGroup;
			children = (
				2351D92D4391ABCDF99609E3 /* Pods-DeadLiner.debug.xcconfig */,
				403BC0AE5E4875C00FAA81FF /* Pods-DeadLiner.release.xcconfig */,
			);
			path = Pods;
			sourceTree = "<group>";
		};
		DA8AFF562A006AB500C1F8B4 = {
			isa = PBXGroup;
			children = (
				DA8AFF612A006AB500C1F8B4 /* DeadLiner */,
				DA8AFF602A006AB500C1F8B4 /* Products */,
				9ADC5DF92162BADF10901445 /* Pods */,
				DE1E120C52D4D9D0CCD08430 /* Frameworks */,
			);
			sourceTree = "<group>";
		};
		DA8AFF602A006AB500C1F8B4 /* Products */ = {
			isa = PBXGroup;
			children = (
				DA8AFF5F2A006AB500C1F8B4 /* DeadLiner.app */,
			);
			name = Products;
			sourceTree = "<group>";
		};
		DA8AFF612A006AB500C1F8B4 /* DeadLiner */ = {
			isa = PBXGroup;
			children = (
				DA8AFF622A006AB500C1F8B4 /* DeadLinerApp.swift */,
				DA8AFF702A006AD000C1F8B4 /* View */,
				DA8AFF712A006AD600C1F8B4 /* ViewModel */,
				DA8AFF722A006ADD00C1F8B4 /* Model */,
				DA8AFF732A006AE900C1F8B4 /* Service */,
				DA8AFF662A006AB600C1F8B4 /* Assets.xcassets */,
				DA8AFF682A006AB600C1F8B4 /* Preview Content */,
			);
			path = DeadLiner;
			sourceTree = "<group>";
		};
		DA8AFF682A006AB600C1F8B4 /* Preview Content */ = {
			isa = PBXGroup;
			children = (
				DA8AFF692A006AB600C1F8B4 /* Preview Assets.xcassets */,
			);
			path = "Preview Content";
			sourceTree = "<group>";
		};
		DA8AFF702A006AD000C1F8B4 /* View */ = {
			isa = PBXGroup;
			children = (
				DA8AFF642A006AB500C1F8B4 /* ContentView.swift */,
				DA8AFF782A00750000C1F8B4 /* MainTitleView.swift */,
				DA8AFF742A006C3700C1F8B4 /* ListView.swift */,
				DA8AFF762A006DD500C1F8B4 /* ListCellView.swift */,
				DA88E9E52A014D6C00DB773F /* DatePickerView.swift */,
			);
			path = View;
			sourceTree = "<group>";
		};
		DA8AFF712A006AD600C1F8B4 /* ViewModel */ = {
			isa = PBXGroup;
			children = (
				DA88E9E72A01533600DB773F /* ListCellViewModel.swift */,
			);
			path = ViewModel;
			sourceTree = "<group>";
		};
		DA8AFF722A006ADD00C1F8B4 /* Model */ = {
			isa = PBXGroup;
			children = (
				DAA858A62A012F1000FE9034 /* Task.swift */,
			);
			path = Model;
			sourceTree = "<group>";
		};
		DA8AFF732A006AE900C1F8B4 /* Service */ = {
			isa = PBXGroup;
			children = (
				DA4F1B8D2A012C4900A0AF20 /* TastManagerService.swift */,
			);
			path = Service;
			sourceTree = "<group>";
		};
		DE1E120C52D4D9D0CCD08430 /* Frameworks */ = {
			isa = PBXGroup;
			children = (
				9434BE31FE00B4A01F4C63ED /* Pods_DeadLiner.framework */,
			);
			name = Frameworks;
			sourceTree = "<group>";
		};
/* End PBXGroup section */

/* Begin PBXNativeTarget section */
		DA8AFF5E2A006AB500C1F8B4 /* DeadLiner */ = {
			isa = PBXNativeTarget;
			buildConfigurationList = DA8AFF6D2A006AB600C1F8B4 /* Build configuration list for PBXNativeTarget "DeadLiner" */;
			buildPhases = (
				B8A67653D4462AC62101F065 /* [CP] Check Pods Manifest.lock */,
				DA8AFF5B2A006AB500C1F8B4 /* Sources */,
				DA8AFF5C2A006AB500C1F8B4 /* Frameworks */,
				DA8AFF5D2A006AB500C1F8B4 /* Resources */,
				E05D0367E3D7822CD0ABE9A7 /* [CP] Embed Pods Frameworks */,
			);
			buildRules = (
			);
			dependencies = (
			);
			name = DeadLiner;
			productName = DeadLiner;
			productReference = DA8AFF5F2A006AB500C1F8B4 /* DeadLiner.app */;
			productType = "com.apple.product-type.application";
		};
/* End PBXNativeTarget section */

/* Begin PBXProject section */
		DA8AFF572A006AB500C1F8B4 /* Project object */ = {
			isa = PBXProject;
			attributes = {
				BuildIndependentTargetsInParallel = 1;
				LastSwiftUpdateCheck = 1430;
				LastUpgradeCheck = 1430;
				TargetAttributes = {
					DA8AFF5E2A006AB500C1F8B4 = {
						CreatedOnToolsVersion = 14.3;
					};
				};
			};
			buildConfigurationList = DA8AFF5A2A006AB500C1F8B4 /* Build configuration list for PBXProject "DeadLiner" */;
			compatibilityVersion = "Xcode 14.0";
			developmentRegion = en;
			hasScannedForEncodings = 0;
			knownRegions = (
				en,
				Base,
			);
			mainGroup = DA8AFF562A006AB500C1F8B4;
			productRefGroup = DA8AFF602A006AB500C1F8B4 /* Products */;
			projectDirPath = "";
			projectRoot = "";
			targets = (
				DA8AFF5E2A006AB500C1F8B4 /* DeadLiner */,
			);
		};
/* End PBXProject section */

/* Begin PBXResourcesBuildPhase section */
		DA8AFF5D2A006AB500C1F8B4 /* Resources */ = {
			isa = PBXResourcesBuildPhase;
			buildActionMask = 2147483647;
			files = (
				DA8AFF6A2A006AB600C1F8B4 /* Preview Assets.xcassets in Resources */,
				DA8AFF672A006AB600C1F8B4 /* Assets.xcassets in Resources */,
			);
			runOnlyForDeploymentPostprocessing = 0;
		};
/* End PBXResourcesBuildPhase section */

/* Begin PBXShellScriptBuildPhase section */
		B8A67653D4462AC62101F065 /* [CP] Check Pods Manifest.lock */ = {
			isa = PBXShellScriptBuildPhase;
			buildActionMask = 2147483647;
			files = (
			);
			inputFileListPaths = (
			);
			inputPaths = (
				"${PODS_PODFILE_DIR_PATH}/Podfile.lock",
				"${PODS_ROOT}/Manifest.lock",
			);
			name = "[CP] Check Pods Manifest.lock";
			outputFileListPaths = (
			);
			outputPaths = (
				"$(DERIVED_FILE_DIR)/Pods-DeadLiner-checkManifestLockResult.txt",
			);
			runOnlyForDeploymentPostprocessing = 0;
			shellPath = /bin/sh;
			shellScript = "diff \"${PODS_PODFILE_DIR_PATH}/Podfile.lock\" \"${PODS_ROOT}/Manifest.lock\" > /dev/null\nif [ $? != 0 ] ; then\n    # print error to STDERR\n    echo \"error: The sandbox is not in sync with the Podfile.lock. Run 'pod install' or update your CocoaPods installation.\" >&2\n    exit 1\nfi\n# This output is used by Xcode 'outputs' to avoid re-running this script phase.\necho \"SUCCESS\" > \"${SCRIPT_OUTPUT_FILE_0}\"\n";
			showEnvVarsInLog = 0;
		};
		E05D0367E3D7822CD0ABE9A7 /* [CP] Embed Pods Frameworks */ = {
			isa = PBXShellScriptBuildPhase;
			buildActionMask = 2147483647;
			files = (
			);
			inputFileListPaths = (
				"${PODS_ROOT}/Target Support Files/Pods-DeadLiner/Pods-DeadLiner-frameworks-${CONFIGURATION}-input-files.xcfilelist",
			);
			name = "[CP] Embed Pods Frameworks";
			outputFileListPaths = (
				"${PODS_ROOT}/Target Support Files/Pods-DeadLiner/Pods-DeadLiner-frameworks-${CONFIGURATION}-output-files.xcfilelist",
			);
			runOnlyForDeploymentPostprocessing = 0;
			shellPath = /bin/sh;
			shellScript = "\"${PODS_ROOT}/Target Support Files/Pods-DeadLiner/Pods-DeadLiner-frameworks.sh\"\n";
			showEnvVarsInLog = 0;
		};
/* End PBXShellScriptBuildPhase section */

/* Begin PBXSourcesBuildPhase section */
		DA8AFF5B2A006AB500C1F8B4 /* Sources */ = {
			isa = PBXSourcesBuildPhase;
			buildActionMask = 2147483647;
			files = (
				DA8AFF772A006DD500C1F8B4 /* ListCellView.swift in Sources */,
				DA4F1B8E2A012C4900A0AF20 /* TastManagerService.swift in Sources */,
				DA8AFF652A006AB500C1F8B4 /* ContentView.swift in Sources */,
				DA8AFF632A006AB500C1F8B4 /* DeadLinerApp.swift in Sources */,
				DA8AFF752A006C3700C1F8B4 /* ListView.swift in Sources */,
				DAA858A72A012F1000FE9034 /* Task.swift in Sources */,
				DA88E9E62A014D6C00DB773F /* DatePickerView.swift in Sources */,
				DA8AFF792A00750000C1F8B4 /* MainTitleView.swift in Sources */,
				DA88E9E82A01533600DB773F /* ListCellViewModel.swift in Sources */,
			);
			runOnlyForDeploymentPostprocessing = 0;
		};
/* End PBXSourcesBuildPhase section */

/* Begin XCBuildConfiguration section */
		DA8AFF6B2A006AB600C1F8B4 /* Debug */ = {
			isa = XCBuildConfiguration;
			buildSettings = {
				ALWAYS_SEARCH_USER_PATHS = NO;
				CLANG_ANALYZER_NONNULL = YES;
				CLANG_ANALYZER_NUMBER_OBJECT_CONVERSION = YES_AGGRESSIVE;
				CLANG_CXX_LANGUAGE_STANDARD = "gnu++20";
				CLANG_ENABLE_MODULES = YES;
				CLANG_ENABLE_OBJC_ARC = YES;
				CLANG_ENABLE_OBJC_WEAK = YES;
				CLANG_WARN_BLOCK_CAPTURE_AUTORELEASING = YES;
				CLANG_WARN_BOOL_CONVERSION = YES;
				CLANG_WARN_COMMA = YES;
				CLANG_WARN_CONSTANT_CONVERSION = YES;
				CLANG_WARN_DEPRECATED_OBJC_IMPLEMENTATIONS = YES;
				CLANG_WARN_DIRECT_OBJC_ISA_USAGE = YES_ERROR;
				CLANG_WARN_DOCUMENTATION_COMMENTS = YES;
				CLANG_WARN_EMPTY_BODY = YES;
				CLANG_WARN_ENUM_CONVERSION = YES;
				CLANG_WARN_INFINITE_RECURSION = YES;
				CLANG_WARN_INT_CONVERSION = YES;
				CLANG_WARN_NON_LITERAL_NULL_CONVERSION = YES;
				CLANG_WARN_OBJC_IMPLICIT_RETAIN_SELF = YES;
				CLANG_WARN_OBJC_LITERAL_CONVERSION = YES;
				CLANG_WARN_OBJC_ROOT_CLASS = YES_ERROR;
				CLANG_WARN_QUOTED_INCLUDE_IN_FRAMEWORK_HEADER = YES;
				CLANG_WARN_RANGE_LOOP_ANALYSIS = YES;
				CLANG_WARN_STRICT_PROTOTYPES = YES;
				CLANG_WARN_SUSPICIOUS_MOVE = YES;
				CLANG_WARN_UNGUARDED_AVAILABILITY = YES_AGGRESSIVE;
				CLANG_WARN_UNREACHABLE_CODE = YES;
				CLANG_WARN__DUPLICATE_METHOD_MATCH = YES;
				COPY_PHASE_STRIP = NO;
				DEBUG_INFORMATION_FORMAT = dwarf;
				ENABLE_STRICT_OBJC_MSGSEND = YES;
				ENABLE_TESTABILITY = YES;
				GCC_C_LANGUAGE_STANDARD = gnu11;
				GCC_DYNAMIC_NO_PIC = NO;
				GCC_NO_COMMON_BLOCKS = YES;
				GCC_OPTIMIZATION_LEVEL = 0;
				GCC_PREPROCESSOR_DEFINITIONS = (
					"DEBUG=1",
					"$(inherited)",
				);
				GCC_WARN_64_TO_32_BIT_CONVERSION = YES;
				GCC_WARN_ABOUT_RETURN_TYPE = YES_ERROR;
				GCC_WARN_UNDECLARED_SELECTOR = YES;
				GCC_WARN_UNINITIALIZED_AUTOS = YES_AGGRESSIVE;
				GCC_WARN_UNUSED_FUNCTION = YES;
				GCC_WARN_UNUSED_VARIABLE = YES;
				IPHONEOS_DEPLOYMENT_TARGET = 16.4;
				MTL_ENABLE_DEBUG_INFO = INCLUDE_SOURCE;
				MTL_FAST_MATH = YES;
				ONLY_ACTIVE_ARCH = YES;
				SDKROOT = iphoneos;
				SWIFT_ACTIVE_COMPILATION_CONDITIONS = DEBUG;
				SWIFT_OPTIMIZATION_LEVEL = "-Onone";
			};
			name = Debug;
		};
		DA8AFF6C2A006AB600C1F8B4 /* Release */ = {
			isa = XCBuildConfiguration;
			buildSettings = {
				ALWAYS_SEARCH_USER_PATHS = NO;
				CLANG_ANALYZER_NONNULL = YES;
				CLANG_ANALYZER_NUMBER_OBJECT_CONVERSION = YES_AGGRESSIVE;
				CLANG_CXX_LANGUAGE_STANDARD = "gnu++20";
				CLANG_ENABLE_MODULES = YES;
				CLANG_ENABLE_OBJC_ARC = YES;
				CLANG_ENABLE_OBJC_WEAK = YES;
				CLANG_WARN_BLOCK_CAPTURE_AUTORELEASING = YES;
				CLANG_WARN_BOOL_CONVERSION = YES;
				CLANG_WARN_COMMA = YES;
				CLANG_WARN_CONSTANT_CONVERSION = YES;
				CLANG_WARN_DEPRECATED_OBJC_IMPLEMENTATIONS = YES;
				CLANG_WARN_DIRECT_OBJC_ISA_USAGE = YES_ERROR;
				CLANG_WARN_DOCUMENTATION_COMMENTS = YES;
				CLANG_WARN_EMPTY_BODY = YES;
				CLANG_WARN_ENUM_CONVERSION = YES;
				CLANG_WARN_INFINITE_RECURSION = YES;
				CLANG_WARN_INT_CONVERSION = YES;
				CLANG_WARN_NON_LITERAL_NULL_CONVERSION = YES;
				CLANG_WARN_OBJC_IMPLICIT_RETAIN_SELF = YES;
				CLANG_WARN_OBJC_LITERAL_CONVERSION = YES;
				CLANG_WARN_OBJC_ROOT_CLASS = YES_ERROR;
				CLANG_WARN_QUOTED_INCLUDE_IN_FRAMEWORK_HEADER = YES;
				CLANG_WARN_RANGE_LOOP_ANALYSIS = YES;
				CLANG_WARN_STRICT_PROTOTYPES = YES;
				CLANG_WARN_SUSPICIOUS_MOVE = YES;
				CLANG_WARN_UNGUARDED_AVAILABILITY = YES_AGGRESSIVE;
				CLANG_WARN_UNREACHABLE_CODE = YES;
				CLANG_WARN__DUPLICATE_METHOD_MATCH = YES;
				COPY_PHASE_STRIP = NO;
				DEBUG_INFORMATION_FORMAT = "dwarf-with-dsym";
				ENABLE_NS_ASSERTIONS = NO;
				ENABLE_STRICT_OBJC_MSGSEND = YES;
				GCC_C_LANGUAGE_STANDARD = gnu11;
				GCC_NO_COMMON_BLOCKS = YES;
				GCC_WARN_64_TO_32_BIT_CONVERSION = YES;
				GCC_WARN_ABOUT_RETURN_TYPE = YES_ERROR;
				GCC_WARN_UNDECLARED_SELECTOR = YES;
				GCC_WARN_UNINITIALIZED_AUTOS = YES_AGGRESSIVE;
				GCC_WARN_UNUSED_FUNCTION = YES;
				GCC_WARN_UNUSED_VARIABLE = YES;
				IPHONEOS_DEPLOYMENT_TARGET = 16.4;
				MTL_ENABLE_DEBUG_INFO = NO;
				MTL_FAST_MATH = YES;
				SDKROOT = iphoneos;
				SWIFT_COMPILATION_MODE = wholemodule;
				SWIFT_OPTIMIZATION_LEVEL = "-O";
				VALIDATE_PRODUCT = YES;
			};
			name = Release;
		};
		DA8AFF6E2A006AB600C1F8B4 /* Debug */ = {
			isa = XCBuildConfiguration;
			baseConfigurationReference = 2351D92D4391ABCDF99609E3 /* Pods-DeadLiner.debug.xcconfig */;
			buildSettings = {
				ASSETCATALOG_COMPILER_APPICON_NAME = AppIcon;
				ASSETCATALOG_COMPILER_GLOBAL_ACCENT_COLOR_NAME = AccentColor;
				CODE_SIGN_STYLE = Automatic;
				CURRENT_PROJECT_VERSION = 1;
				DEVELOPMENT_ASSET_PATHS = "\"DeadLiner/Preview Content\"";
				DEVELOPMENT_TEAM = 44X337TR62;
				ENABLE_PREVIEWS = YES;
				GENERATE_INFOPLIST_FILE = YES;
				INFOPLIST_KEY_UIApplicationSceneManifest_Generation = YES;
				INFOPLIST_KEY_UIApplicationSupportsIndirectInputEvents = YES;
				INFOPLIST_KEY_UILaunchScreen_Generation = YES;
				INFOPLIST_KEY_UISupportedInterfaceOrientations_iPad = "UIInterfaceOrientationPortrait UIInterfaceOrientationPortraitUpsideDown UIInterfaceOrientationLandscapeLeft UIInterfaceOrientationLandscapeRight";
				INFOPLIST_KEY_UISupportedInterfaceOrientations_iPhone = "UIInterfaceOrientationPortrait UIInterfaceOrientationLandscapeLeft UIInterfaceOrientationLandscapeRight";
				LD_RUNPATH_SEARCH_PATHS = (
					"$(inherited)",
					"@executable_path/Frameworks",
				);
				MARKETING_VERSION = 1.0;
				PRODUCT_BUNDLE_IDENTIFIER = com.onetool.DeadLiner;
				PRODUCT_NAME = "$(TARGET_NAME)";
				SWIFT_EMIT_LOC_STRINGS = YES;
				SWIFT_VERSION = 5.0;
				TARGETED_DEVICE_FAMILY = "1,2";
			};
			name = Debug;
		};
		DA8AFF6F2A006AB600C1F8B4 /* Release */ = {
			isa = XCBuildConfiguration;
			baseConfigurationReference = 403BC0AE5E4875C00FAA81FF /* Pods-DeadLiner.release.xcconfig */;
			buildSettings = {
				ASSETCATALOG_COMPILER_APPICON_NAME = AppIcon;
				ASSETCATALOG_COMPILER_GLOBAL_ACCENT_COLOR_NAME = AccentColor;
				CODE_SIGN_STYLE = Automatic;
				CURRENT_PROJECT_VERSION = 1;
				DEVELOPMENT_ASSET_PATHS = "\"DeadLiner/Preview Content\"";
				DEVELOPMENT_TEAM = 44X337TR62;
				ENABLE_PREVIEWS = YES;
				GENERATE_INFOPLIST_FILE = YES;
				INFOPLIST_KEY_UIApplicationSceneManifest_Generation = YES;
				INFOPLIST_KEY_UIApplicationSupportsIndirectInputEvents = YES;
				INFOPLIST_KEY_UILaunchScreen_Generation = YES;
				INFOPLIST_KEY_UISupportedInterfaceOrientations_iPad = "UIInterfaceOrientationPortrait UIInterfaceOrientationPortraitUpsideDown UIInterfaceOrientationLandscapeLeft UIInterfaceOrientationLandscapeRight";
				INFOPLIST_KEY_UISupportedInterfaceOrientations_iPhone = "UIInterfaceOrientationPortrait UIInterfaceOrientationLandscapeLeft UIInterfaceOrientationLandscapeRight";
				LD_RUNPATH_SEARCH_PATHS = (
					"$(inherited)",
					"@executable_path/Frameworks",
				);
				MARKETING_VERSION = 1.0;
				PRODUCT_BUNDLE_IDENTIFIER = com.onetool.DeadLiner;
				PRODUCT_NAME = "$(TARGET_NAME)";
				SWIFT_EMIT_LOC_STRINGS = YES;
				SWIFT_VERSION = 5.0;
				TARGETED_DEVICE_FAMILY = "1,2";
			};
			name = Release;
		};
/* End XCBuildConfiguration section */

/* Begin XCConfigurationList section */
		DA8AFF5A2A006AB500C1F8B4 /* Build configuration list for PBXProject "DeadLiner" */ = {
			isa = XCConfigurationList;
			buildConfigurations = (
				DA8AFF6B2A006AB600C1F8B4 /* Debug */,
				DA8AFF6C2A006AB600C1F8B4 /* Release */,
			);
			defaultConfigurationIsVisible = 0;
			defaultConfigurationName = Release;
		};
		DA8AFF6D2A006AB600C1F8B4 /* Build configuration list for PBXNativeTarget "DeadLiner" */ = {
			isa = XCConfigurationList;
			buildConfigurations = (
				DA8AFF6E2A006AB600C1F8B4 /* Debug */,
				DA8AFF6F2A006AB600C1F8B4 /* Release */,
			);
			defaultConfigurationIsVisible = 0;
			defaultConfigurationName = Release;
		};
/* End XCConfigurationList section */
	};
	rootObject = DA8AFF572A006AB500C1F8B4 /* Project object */;
}
